{
  "nodes": {
    "nixpkgs": {
      "locked": {
        "lastModified": 0,
        "narHash": "sha256-PIJMKt3WUjP11eWWr8bXlflcgjGWrHG/Fx6svvayfMc=",
        "path": "/nix/store/0k9jm3jm267v43rh8gl8xa0l8jpsdbqr-nixos-25.05beta720697.5d67ea6b4b63/nixos",
        "type": "path"
      },
      "original": {
        "id": "nixpkgs",
        "type": "indirect"
      }
    },
    "nixpkgs-unstable": {
      "locked": {
        "lastModified": 1733940404,
        "narHash": "sha256-Pj39hSoUA86ZePPF/UXiYHHM7hMIkios8TYG29kQT4g=",
        "owner": "nixos",
        "repo": "nixpkgs",
        "rev": "5d67ea6b4b63378b9c13be21e2ec9d1afc921713",
        "type": "github"
      },
      "original": {
        "owner": "nixos",
        "ref": "nixos-unstable",
        "repo": "nixpkgs",
        "type": "github"
      }
    },
    "root": {
      "inputs": {
        "nixpkgs": "nixpkgs",
        "nixpkgs-unstable": "nixpkgs-unstable"
      }
    }
  },
  "root": "root",
  "version": 7
}
